PODS:
  - SwiftAudioPlayerKuama (7.6.2)

DEPENDENCIES:
  - SwiftAudioPlayerKuama (from `../`)

EXTERNAL SOURCES:
  SwiftAudioPlayerKuama:
    :path: "../"

SPEC CHECKSUMS:
  SwiftAudioPlayerKuama: 9feeeb234358c2e0d52544ee727aedf317def515

PODFILE CHECKSUM: 6e16afcb9ced10b4c910161bd0c5a63b4863cf2e

COCOAPODS: 1.11.2
